
Microsoft Visual Studio Solution File, Format Version 12.00
# Visual Studio Version 17
VisualStudioVersion = 17.0.31903.59
MinimumVisualStudioVersion = 10.0.40219.1
Project("{2150E333-8FDC-42A3-9474-1A3956D46DE8}") = "src", "src", "{827E0CD3-B72D-47B6-A68D-7590B98EB39B}"
EndProject
Project("{FAE04EC0-301F-11D3-BF4B-00C04F79EFBC}") = "ScanVault.Core", "src\ScanVault.Core\ScanVault.Core.csproj", "{01E2A4B4-87B0-4342-B067-0D4613C3588E}"
EndProject
Project("{FAE04EC0-301F-11D3-BF4B-00C04F79EFBC}") = "ScanVault.Infrastructure", "src\ScanVault.Infrastructure\ScanVault.Infrastructure.csproj", "{92A18CA4-559A-4DC7-8968-8BAE26AE1DC2}"
EndProject
Project("{FAE04EC0-301F-11D3-BF4B-00C04F79EFBC}") = "ScanVault.App", "src\ScanVault.App\ScanVault.App.csproj", "{EA02F36D-60BB-4894-8C20-C83081CCB018}"
EndProject
Project("{2150E333-8FDC-42A3-9474-1A3956D46DE8}") = "tests", "tests", "{0AB3BF05-4346-4AA6-1389-037BE0695223}"
EndProject
Project("{FAE04EC0-301F-11D3-BF4B-00C04F79EFBC}") = "ScanVault.Core.Tests", "tests\ScanVault.Core.Tests\ScanVault.Core.Tests.csproj", "{3AC01DA7-2E4F-40D5-B1F7-25A9DEDBC73A}"
EndProject
Project("{FAE04EC0-301F-11D3-BF4B-00C04F79EFBC}") = "ScanVault.Infrastructure.Tests", "tests\ScanVault.Infrastructure.Tests\ScanVault.Infrastructure.Tests.csproj", "{7496DF82-3CAA-433B-A088-2C4ED0A919CE}"
EndProject
Project("{FAE04EC0-301F-11D3-BF4B-00C04F79EFBC}") = "ScanVault.App.Tests", "tests\ScanVault.App.Tests\ScanVault.App.Tests.csproj", "{8B2E57F8-2C1F-4272-9FA6-84BC7EC0A7BD}"
EndProject
Global
	GlobalSection(SolutionConfigurationPlatforms) = preSolution
		Debug|Any CPU = Debug|Any CPU
		Debug|x64 = Debug|x64
		Debug|x86 = Debug|x86
		Release|Any CPU = Release|Any CPU
		Release|x64 = Release|x64
		Release|x86 = Release|x86
	EndGlobalSection
	GlobalSection(ProjectConfigurationPlatforms) = postSolution
		{01E2A4B4-87B0-4342-B067-0D4613C3588E}.Debug|Any CPU.ActiveCfg = Debug|Any CPU
		{01E2A4B4-87B0-4342-B067-0D4613C3588E}.Debug|Any CPU.Build.0 = Debug|Any CPU
		{01E2A4B4-87B0-4342-B067-0D4613C3588E}.Debug|x64.ActiveCfg = Debug|Any CPU
		{01E2A4B4-87B0-4342-B067-0D4613C3588E}.Debug|x64.Build.0 = Debug|Any CPU
		{01E2A4B4-87B0-4342-B067-0D4613C3588E}.Debug|x86.ActiveCfg = Debug|Any CPU
		{01E2A4B4-87B0-4342-B067-0D4613C3588E}.Debug|x86.Build.0 = Debug|Any CPU
		{01E2A4B4-87B0-4342-B067-0D4613C3588E}.Release|Any CPU.ActiveCfg = Release|Any CPU
		{01E2A4B4-87B0-4342-B067-0D4613C3588E}.Release|Any CPU.Build.0 = Release|Any CPU
		{01E2A4B4-87B0-4342-B067-0D4613C3588E}.Release|x64.ActiveCfg = Release|Any CPU
		{01E2A4B4-87B0-4342-B067-0D4613C3588E}.Release|x64.Build.0 = Release|Any CPU
		{01E2A4B4-87B0-4342-B067-0D4613C3588E}.Release|x86.ActiveCfg = Release|Any CPU
		{01E2A4B4-87B0-4342-B067-0D4613C3588E}.Release|x86.Build.0 = Release|Any CPU
		{92A18CA4-559A-4DC7-8968-8BAE26AE1DC2}.Debug|Any CPU.ActiveCfg = Debug|Any CPU
		{92A18CA4-559A-4DC7-8968-8BAE26AE1DC2}.Debug|Any CPU.Build.0 = Debug|Any CPU
		{92A18CA4-559A-4DC7-8968-8BAE26AE1DC2}.Debug|x64.ActiveCfg = Debug|Any CPU
		{92A18CA4-559A-4DC7-8968-8BAE26AE1DC2}.Debug|x64.Build.0 = Debug|Any CPU
		{92A18CA4-559A-4DC7-8968-8BAE26AE1DC2}.Debug|x86.ActiveCfg = Debug|Any CPU
		{92A18CA4-559A-4DC7-8968-8BAE26AE1DC2}.Debug|x86.Build.0 = Debug|Any CPU
		{92A18CA4-559A-4DC7-8968-8BAE26AE1DC2}.Release|Any CPU.ActiveCfg = Release|Any CPU
		{92A18CA4-559A-4DC7-8968-8BAE26AE1DC2}.Release|Any CPU.Build.0 = Release|Any CPU
		{92A18CA4-559A-4DC7-8968-8BAE26AE1DC2}.Release|x64.ActiveCfg = Release|Any CPU
		{92A18CA4-559A-4DC7-8968-8BAE26AE1DC2}.Release|x64.Build.0 = Release|Any CPU
		{92A18CA4-559A-4DC7-8968-8BAE26AE1DC2}.Release|x86.ActiveCfg = Release|Any CPU
		{92A18CA4-559A-4DC7-8968-8BAE26AE1DC2}.Release|x86.Build.0 = Release|Any CPU
		{EA02F36D-60BB-4894-8C20-C83081CCB018}.Debug|Any CPU.ActiveCfg = Debug|Any CPU
		{EA02F36D-60BB-4894-8C20-C83081CCB018}.Debug|Any CPU.Build.0 = Debug|Any CPU
		{EA02F36D-60BB-4894-8C20-C83081CCB018}.Debug|x64.ActiveCfg = Debug|Any CPU
		{EA02F36D-60BB-4894-8C20-C83081CCB018}.Debug|x64.Build.0 = Debug|Any CPU
		{EA02F36D-60BB-4894-8C20-C83081CCB018}.Debug|x86.ActiveCfg = Debug|Any CPU
		{EA02F36D-60BB-4894-8C20-C83081CCB018}.Debug|x86.Build.0 = Debug|Any CPU
		{EA02F36D-60BB-4894-8C20-C83081CCB018}.Release|Any CPU.ActiveCfg = Release|Any CPU
		{EA02F36D-60BB-4894-8C20-C83081CCB018}.Release|Any CPU.Build.0 = Release|Any CPU
		{EA02F36D-60BB-4894-8C20-C83081CCB018}.Release|x64.ActiveCfg = Release|Any CPU
		{EA02F36D-60BB-4894-8C20-C83081CCB018}.Release|x64.Build.0 = Release|Any CPU
		{EA02F36D-60BB-4894-8C20-C83081CCB018}.Release|x86.ActiveCfg = Release|Any CPU
		{EA02F36D-60BB-4894-8C20-C83081CCB018}.Release|x86.Build.0 = Release|Any CPU
		{3AC01DA7-2E4F-40D5-B1F7-25A9DEDBC73A}.Debug|Any CPU.ActiveCfg = Debug|Any CPU
		{3AC01DA7-2E4F-40D5-B1F7-25A9DEDBC73A}.Debug|Any CPU.Build.0 = Debug|Any CPU
		{3AC01DA7-2E4F-40D5-B1F7-25A9DEDBC73A}.Debug|x64.ActiveCfg = Debug|Any CPU
		{3AC01DA7-2E4F-40D5-B1F7-25A9DEDBC73A}.Debug|x64.Build.0 = Debug|Any CPU
		{3AC01DA7-2E4F-40D5-B1F7-25A9DEDBC73A}.Debug|x86.ActiveCfg = Debug|Any CPU
		{3AC01DA7-2E4F-40D5-B1F7-25A9DEDBC73A}.Debug|x86.Build.0 = Debug|Any CPU
		{3AC01DA7-2E4F-40D5-B1F7-25A9DEDBC73A}.Release|Any CPU.ActiveCfg = Release|Any CPU
		{3AC01DA7-2E4F-40D5-B1F7-25A9DEDBC73A}.Release|Any CPU.Build.0 = Release|Any CPU
		{3AC01DA7-2E4F-40D5-B1F7-25A9DEDBC73A}.Release|x64.ActiveCfg = Release|Any CPU
		{3AC01DA7-2E4F-40D5-B1F7-25A9DEDBC73A}.Release|x64.Build.0 = Release|Any CPU
		{3AC01DA7-2E4F-40D5-B1F7-25A9DEDBC73A}.Release|x86.ActiveCfg = Release|Any CPU
		{3AC01DA7-2E4F-40D5-B1F7-25A9DEDBC73A}.Release|x86.Build.0 = Release|Any CPU
		{7496DF82-3CAA-433B-A088-2C4ED0A919CE}.Debug|Any CPU.ActiveCfg = Debug|Any CPU
		{7496DF82-3CAA-433B-A088-2C4ED0A919CE}.Debug|Any CPU.Build.0 = Debug|Any CPU
		{7496DF82-3CAA-433B-A088-2C4ED0A919CE}.Debug|x64.ActiveCfg = Debug|Any CPU
		{7496DF82-3CAA-433B-A088-2C4ED0A919CE}.Debug|x64.Build.0 = Debug|Any CPU
		{7496DF82-3CAA-433B-A088-2C4ED0A919CE}.Debug|x86.ActiveCfg = Debug|Any CPU
		{7496DF82-3CAA-433B-A088-2C4ED0A919CE}.Debug|x86.Build.0 = Debug|Any CPU
		{7496DF82-3CAA-433B-A088-2C4ED0A919CE}.Release|Any CPU.ActiveCfg = Release|Any CPU
		{7496DF82-3CAA-433B-A088-2C4ED0A919CE}.Release|Any CPU.Build.0 = Release|Any CPU
		{7496DF82-3CAA-433B-A088-2C4ED0A919CE}.Release|x64.ActiveCfg = Release|Any CPU
		{7496DF82-3CAA-433B-A088-2C4ED0A919CE}.Release|x64.Build.0 = Release|Any CPU
		{7496DF82-3CAA-433B-A088-2C4ED0A919CE}.Release|x86.ActiveCfg = Release|Any CPU
		{7496DF82-3CAA-433B-A088-2C4ED0A919CE}.Release|x86.Build.0 = Release|Any CPU
		{8B2E57F8-2C1F-4272-9FA6-84BC7EC0A7BD}.Debug|Any CPU.ActiveCfg = Debug|Any CPU
		{8B2E57F8-2C1F-4272-9FA6-84BC7EC0A7BD}.Debug|Any CPU.Build.0 = Debug|Any CPU
		{8B2E57F8-2C1F-4272-9FA6-84BC7EC0A7BD}.Debug|x64.ActiveCfg = Debug|Any CPU
		{8B2E57F8-2C1F-4272-9FA6-84BC7EC0A7BD}.Debug|x64.Build.0 = Debug|Any CPU
		{8B2E57F8-2C1F-4272-9FA6-84BC7EC0A7BD}.Debug|x86.ActiveCfg = Debug|Any CPU
		{8B2E57F8-2C1F-4272-9FA6-84BC7EC0A7BD}.Debug|x86.Build.0 = Debug|Any CPU
		{8B2E57F8-2C1F-4272-9FA6-84BC7EC0A7BD}.Release|Any CPU.ActiveCfg = Release|Any CPU
		{8B2E57F8-2C1F-4272-9FA6-84BC7EC0A7BD}.Release|Any CPU.Build.0 = Release|Any CPU
		{8B2E57F8-2C1F-4272-9FA6-84BC7EC0A7BD}.Release|x64.ActiveCfg = Release|Any CPU
		{8B2E57F8-2C1F-4272-9FA6-84BC7EC0A7BD}.Release|x64.Build.0 = Release|Any CPU
		{8B2E57F8-2C1F-4272-9FA6-84BC7EC0A7BD}.Release|x86.ActiveCfg = Release|Any CPU
		{8B2E57F8-2C1F-4272-9FA6-84BC7EC0A7BD}.Release|x86.Build.0 = Release|Any CPU
	EndGlobalSection
	GlobalSection(SolutionProperties) = preSolution
		HideSolutionNode = FALSE
	EndGlobalSection
	GlobalSection(NestedProjects) = preSolution
		{01E2A4B4-87B0-4342-B067-0D4613C3588E} = {827E0CD3-B72D-47B6-A68D-7590B98EB39B}
		{92A18CA4-559A-4DC7-8968-8BAE26AE1DC2} = {827E0CD3-B72D-47B6-A68D-7590B98EB39B}
		{EA02F36D-60BB-4894-8C20-C83081CCB018} = {827E0CD3-B72D-47B6-A68D-7590B98EB39B}
		{3AC01DA7-2E4F-40D5-B1F7-25A9DEDBC73A} = {0AB3BF05-4346-4AA6-1389-037BE0695223}
		{7496DF82-3CAA-433B-A088-2C4ED0A919CE} = {0AB3BF05-4346-4AA6-1389-037BE0695223}
		{8B2E57F8-2C1F-4272-9FA6-84BC7EC0A7BD} = {0AB3BF05-4346-4AA6-1389-037BE0695223}
	EndGlobalSection
EndGlobal
